{
  "name": "wnotes",
  "version": "1.0.0",
  "lockfileVersion": 1,
  "requires": true,
  "dependencies": {
    "eventemitter2": {
      "version": "5.0.1",
      "resolved": "https://registry.npmjs.org/eventemitter2/-/eventemitter2-5.0.1.tgz",
      "integrity": "sha1-YZegldX7a1folC9v1+qtY6CclFI="
    },
    "highlightjs": {
      "version": "9.16.2",
      "resolved": "https://registry.npmjs.org/highlightjs/-/highlightjs-9.16.2.tgz",
      "integrity": "sha512-FK1vmMj8BbEipEy8DLIvp71t5UsC7n2D6En/UfM/91PCwmOpj6f2iu0Y0coRC62KSRHHC+dquM2xMULV/X7NFg==",
      "dev": true
    }
  }
}
